// !$*UTF8*$!
{
	archiveVersion = 1;
	classes = {
	};
	objectVersion = 56;
	objects = {

/* Begin PBXBuildFile section */
		394F7EF72A7F918B00AAE6C5 /* AppDelegate.swift in Sources */ = {isa = PBXBuildFile; fileRef = 394F7EF62A7F918B00AAE6C5 /* AppDelegate.swift */; };
		394F7EF92A7F918B00AAE6C5 /* SceneDelegate.swift in Sources */ = {isa = PBXBuildFile; fileRef = 394F7EF82A7F918B00AAE6C5 /* SceneDelegate.swift */; };
		394F7EFB2A7F918B00AAE6C5 /* ViewController.swift in Sources */ = {isa = PBXBuildFile; fileRef = 394F7EFA2A7F918B00AAE6C5 /* ViewController.swift */; };
		394F7EFE2A7F918B00AAE6C5 /* Main.storyboard in Resources */ = {isa = PBXBuildFile; fileRef = 394F7EFC2A7F918B00AAE6C5 /* Main.storyboard */; };
		394F7F002A7F918D00AAE6C5 /* Assets.xcassets in Resources */ = {isa = PBXBuildFile; fileRef = 394F7EFF2A7F918D00AAE6C5 /* Assets.xcassets */; };
		394F7F032A7F918D00AAE6C5 /* LaunchScreen.storyboard in Resources */ = {isa = PBXBuildFile; fileRef = 394F7F012A7F918D00AAE6C5 /* LaunchScreen.storyboard */; };
		394F7F0E2A7F999E00AAE6C5 /* ResultViewController.swift in Sources */ = {isa = PBXBuildFile; fileRef = 394F7F0D2A7F999E00AAE6C5 /* ResultViewController.swift */; };
		394F7F102A7F9D4200AAE6C5 /* IMT.swift in Sources */ = {isa = PBXBuildFile; fileRef = 394F7F0F2A7F9D4200AAE6C5 /* IMT.swift */; };
		394F7F122A7F9DB700AAE6C5 /* CalculateBrain.swift in Sources */ = {isa = PBXBuildFile; fileRef = 394F7F112A7F9DB700AAE6C5 /* CalculateBrain.swift */; };
/* End PBXBuildFile section */

/* Begin PBXFileReference section */
		394F7EF32A7F918B00AAE6C5 /* BMI.app */ = {isa = PBXFileReference; explicitFileType = wrapper.application; includeInIndex = 0; path = BMI.app; sourceTree = BUILT_PRODUCTS_DIR; };
		394F7EF62A7F918B00AAE6C5 /* AppDelegate.swift */ = {isa = PBXFileReference; lastKnownFileType = sourcecode.swift; path = AppDelegate.swift; sourceTree = "<group>"; };
		394F7EF82A7F918B00AAE6C5 /* SceneDelegate.swift */ = {isa = PBXFileReference; lastKnownFileType = sourcecode.swift; path = SceneDelegate.swift; sourceTree = "<group>"; };
		394F7EFA2A7F918B00AAE6C5 /* ViewController.swift */ = {isa = PBXFileReference; lastKnownFileType = sourcecode.swift; path = ViewController.swift; sourceTree = "<group>"; };
		394F7EFD2A7F918B00AAE6C5 /* Base */ = {isa = PBXFileReference; lastKnownFileType = file.storyboard; name = Base; path = Base.lproj/Main.storyboard; sourceTree = "<group>"; };
		394F7EFF2A7F918D00AAE6C5 /* Assets.xcassets */ = {isa = PBXFileReference; lastKnownFileType = folder.assetcatalog; path = Assets.xcassets; sourceTree = "<group>"; };
		394F7F022A7F918D00AAE6C5 /* Base */ = {isa = PBXFileReference; lastKnownFileType = file.storyboard; name = Base; path = Base.lproj/LaunchScreen.storyboard; sourceTree = "<group>"; };
		394F7F042A7F918D00AAE6C5 /* Info.plist */ = {isa = PBXFileReference; lastKnownFileType = text.plist.xml; path = Info.plist; sourceTree = "<group>"; };
		394F7F0D2A7F999E00AAE6C5 /* ResultViewController.swift */ = {isa = PBXFileReference; lastKnownFileType = sourcecode.swift; path = ResultViewController.swift; sourceTree = "<group>"; };
		394F7F0F2A7F9D4200AAE6C5 /* IMT.swift */ = {isa = PBXFileReference; lastKnownFileType = sourcecode.swift; path = IMT.swift; sourceTree = "<group>"; };
		394F7F112A7F9DB700AAE6C5 /* CalculateBrain.swift */ = {isa = PBXFileReference; lastKnownFileType = sourcecode.swift; path = CalculateBrain.swift; sourceTree = "<group>"; };
/* End PBXFileReference section */

/* Begin PBXFrameworksBuildPhase section */
		394F7EF02A7F918B00AAE6C5 /* Frameworks */ = {
			isa = PBXFrameworksBuildPhase;
			buildActionMask = 2147483647;
			files = (
			);
			runOnlyForDeploymentPostprocessing = 0;
		};
/* End PBXFrameworksBuildPhase section */

/* Begin PBXGroup section */
		394F7EEA2A7F918B00AAE6C5 = {
			isa = PBXGroup;
			children = (
				394F7EF52A7F918B00AAE6C5 /* BMI */,
				394F7EF42A7F918B00AAE6C5 /* Products */,
			);
			sourceTree = "<group>";
		};
		394F7EF42A7F918B00AAE6C5 /* Products */ = {
			isa = PBXGroup;
			children = (
				394F7EF32A7F918B00AAE6C5 /* BMI.app */,
			);
			name = Products;
			sourceTree = "<group>";
		};
		394F7EF52A7F918B00AAE6C5 /* BMI */ = {
			isa = PBXGroup;
			children = (
				394F7EF62A7F918B00AAE6C5 /* AppDelegate.swift */,
				394F7EF82A7F918B00AAE6C5 /* SceneDelegate.swift */,
				394F7F0C2A7F91F500AAE6C5 /* Model */,
				394F7F0B2A7F91EB00AAE6C5 /* View */,
				394F7F0A2A7F91DA00AAE6C5 /* Controller */,
				394F7EFF2A7F918D00AAE6C5 /* Assets.xcassets */,
				394F7F012A7F918D00AAE6C5 /* LaunchScreen.storyboard */,
				394F7F042A7F918D00AAE6C5 /* Info.plist */,
			);
			path = BMI;
			sourceTree = "<group>";
		};
		394F7F0A2A7F91DA00AAE6C5 /* Controller */ = {
			isa = PBXGroup;
			children = (
				394F7EFA2A7F918B00AAE6C5 /* ViewController.swift */,
				394F7F0D2A7F999E00AAE6C5 /* ResultViewController.swift */,
			);
			path = Controller;
			sourceTree = "<group>";
		};
		394F7F0B2A7F91EB00AAE6C5 /* View */ = {
			isa = PBXGroup;
			children = (
				394F7EFC2A7F918B00AAE6C5 /* Main.storyboard */,
			);
			path = View;
			sourceTree = "<group>";
		};
		394F7F0C2A7F91F500AAE6C5 /* Model */ = {
			isa = PBXGroup;
			children = (
				394F7F0F2A7F9D4200AAE6C5 /* IMT.swift */,
				394F7F112A7F9DB700AAE6C5 /* CalculateBrain.swift */,
			);
			path = Model;
			sourceTree = "<group>";
		};
/* End PBXGroup section */

/* Begin PBXNativeTarget section */
		394F7EF22A7F918B00AAE6C5 /* BMI */ = {
			isa = PBXNativeTarget;
			buildConfigurationList = 394F7F072A7F918D00AAE6C5 /* Build configuration list for PBXNativeTarget "BMI" */;
			buildPhases = (
				394F7EEF2A7F918B00AAE6C5 /* Sources */,
				394F7EF02A7F918B00AAE6C5 /* Frameworks */,
				394F7EF12A7F918B00AAE6C5 /* Resources */,
			);
			buildRules = (
			);
			dependencies = (
			);
			name = BMI;
			productName = BMI;
			productReference = 394F7EF32A7F918B00AAE6C5 /* BMI.app */;
			productType = "com.apple.product-type.application";
		};
/* End PBXNativeTarget section */

/* Begin PBXProject section */
		394F7EEB2A7F918B00AAE6C5 /* Project object */ = {
			isa = PBXProject;
			attributes = {
				BuildIndependentTargetsInParallel = 1;
				LastSwiftUpdateCheck = 1430;
				LastUpgradeCheck = 1430;
				TargetAttributes = {
					394F7EF22A7F918B00AAE6C5 = {
						CreatedOnToolsVersion = 14.3.1;
					};
				};
			};
			buildConfigurationList = 394F7EEE2A7F918B00AAE6C5 /* Build configuration list for PBXProject "BMI" */;
			compatibilityVersion = "Xcode 14.0";
			developmentRegion = en;
			hasScannedForEncodings = 0;
			knownRegions = (
				en,
				Base,
			);
			mainGroup = 394F7EEA2A7F918B00AAE6C5;
			productRefGroup = 394F7EF42A7F918B00AAE6C5 /* Products */;
			projectDirPath = "";
			projectRoot = "";
			targets = (
				394F7EF22A7F918B00AAE6C5 /* BMI */,
			);
		};
/* End PBXProject section */

/* Begin PBXResourcesBuildPhase section */
		394F7EF12A7F918B00AAE6C5 /* Resources */ = {
			isa = PBXResourcesBuildPhase;
			buildActionMask = 2147483647;
			files = (
				394F7F032A7F918D00AAE6C5 /* LaunchScreen.storyboard in Resources */,
				394F7F002A7F918D00AAE6C5 /* Assets.xcassets in Resources */,
				394F7EFE2A7F918B00AAE6C5 /* Main.storyboard in Resources */,
			);
			runOnlyForDeploymentPostprocessing = 0;
		};
/* End PBXResourcesBuildPhase section */

/* Begin PBXSourcesBuildPhase section */
		394F7EEF2A7F918B00AAE6C5 /* Sources */ = {
			isa = PBXSourcesBuildPhase;
			buildActionMask = 2147483647;
			files = (
				394F7EFB2A7F918B00AAE6C5 /* ViewController.swift in Sources */,
				394F7EF72A7F918B00AAE6C5 /* AppDelegate.swift in Sources */,
				394F7EF92A7F918B00AAE6C5 /* SceneDelegate.swift in Sources */,
				394F7F122A7F9DB700AAE6C5 /* CalculateBrain.swift in Sources */,
				394F7F102A7F9D4200AAE6C5 /* IMT.swift in Sources */,
				394F7F0E2A7F999E00AAE6C5 /* ResultViewController.swift in Sources */,
			);
			runOnlyForDeploymentPostprocessing = 0;
		};
/* End PBXSourcesBuildPhase section */

/* Begin PBXVariantGroup section */
		394F7EFC2A7F918B00AAE6C5 /* Main.storyboard */ = {
			isa = PBXVariantGroup;
			children = (
				394F7EFD2A7F918B00AAE6C5 /* Base */,
			);
			name = Main.storyboard;
			sourceTree = "<group>";
		};
		394F7F012A7F918D00AAE6C5 /* LaunchScreen.storyboard */ = {
			isa = PBXVariantGroup;
			children = (
				394F7F022A7F918D00AAE6C5 /* Base */,
			);
			name = LaunchScreen.storyboard;
			sourceTree = "<group>";
		};
/* End PBXVariantGroup section */

/* Begin XCBuildConfiguration section */
		394F7F052A7F918D00AAE6C5 /* Debug */ = {
			isa = XCBuildConfiguration;
			buildSettings = {
				ALWAYS_SEARCH_USER_PATHS = NO;
				CLANG_ANALYZER_NONNULL = YES;
				CLANG_ANALYZER_NUMBER_OBJECT_CONVERSION = YES_AGGRESSIVE;
				CLANG_CXX_LANGUAGE_STANDARD = "gnu++20";
				CLANG_ENABLE_MODULES = YES;
				CLANG_ENABLE_OBJC_ARC = YES;
				CLANG_ENABLE_OBJC_WEAK = YES;
				CLANG_WARN_BLOCK_CAPTURE_AUTORELEASING = YES;
				CLANG_WARN_BOOL_CONVERSION = YES;
				CLANG_WARN_COMMA = YES;
				CLANG_WARN_CONSTANT_CONVERSION = YES;
				CLANG_WARN_DEPRECATED_OBJC_IMPLEMENTATIONS = YES;
				CLANG_WARN_DIRECT_OBJC_ISA_USAGE = YES_ERROR;
				CLANG_WARN_DOCUMENTATION_COMMENTS = YES;
				CLANG_WARN_EMPTY_BODY = YES;
				CLANG_WARN_ENUM_CONVERSION = YES;
				CLANG_WARN_INFINITE_RECURSION = YES;
				CLANG_WARN_INT_CONVERSION = YES;
				CLANG_WARN_NON_LITERAL_NULL_CONVERSION = YES;
				CLANG_WARN_OBJC_IMPLICIT_RETAIN_SELF = YES;
				CLANG_WARN_OBJC_LITERAL_CONVERSION = YES;
				CLANG_WARN_OBJC_ROOT_CLASS = YES_ERROR;
				CLANG_WARN_QUOTED_INCLUDE_IN_FRAMEWORK_HEADER = YES;
				CLANG_WARN_RANGE_LOOP_ANALYSIS = YES;
				CLANG_WARN_STRICT_PROTOTYPES = YES;
				CLANG_WARN_SUSPICIOUS_MOVE = YES;
				CLANG_WARN_UNGUARDED_AVAILABILITY = YES_AGGRESSIVE;
				CLANG_WARN_UNREACHABLE_CODE = YES;
				CLANG_WARN__DUPLICATE_METHOD_MATCH = YES;
				COPY_PHASE_STRIP = NO;
				DEBUG_INFORMATION_FORMAT = dwarf;
				ENABLE_STRICT_OBJC_MSGSEND = YES;
				ENABLE_TESTABILITY = YES;
				GCC_C_LANGUAGE_STANDARD = gnu11;
				GCC_DYNAMIC_NO_PIC = NO;
				GCC_NO_COMMON_BLOCKS = YES;
				GCC_OPTIMIZATION_LEVEL = 0;
				GCC_PREPROCESSOR_DEFINITIONS = (
					"DEBUG=1",
					"$(inherited)",
				);
				GCC_WARN_64_TO_32_BIT_CONVERSION = YES;
				GCC_WARN_ABOUT_RETURN_TYPE = YES_ERROR;
				GCC_WARN_UNDECLARED_SELECTOR = YES;
				GCC_WARN_UNINITIALIZED_AUTOS = YES_AGGRESSIVE;
				GCC_WARN_UNUSED_FUNCTION = YES;
				GCC_WARN_UNUSED_VARIABLE = YES;
				IPHONEOS_DEPLOYMENT_TARGET = 16.0;
				MTL_ENABLE_DEBUG_INFO = INCLUDE_SOURCE;
				MTL_FAST_MATH = YES;
				ONLY_ACTIVE_ARCH = YES;
				SDKROOT = iphoneos;
				SWIFT_ACTIVE_COMPILATION_CONDITIONS = DEBUG;
				SWIFT_OPTIMIZATION_LEVEL = "-Onone";
			};
			name = Debug;
		};
		394F7F062A7F918D00AAE6C5 /* Release */ = {
			isa = XCBuildConfiguration;
			buildSettings = {
				ALWAYS_SEARCH_USER_PATHS = NO;
				CLANG_ANALYZER_NONNULL = YES;
				CLANG_ANALYZER_NUMBER_OBJECT_CONVERSION = YES_AGGRESSIVE;
				CLANG_CXX_LANGUAGE_STANDARD = "gnu++20";
				CLANG_ENABLE_MODULES = YES;
				CLANG_ENABLE_OBJC_ARC = YES;
				CLANG_ENABLE_OBJC_WEAK = YES;
				CLANG_WARN_BLOCK_CAPTURE_AUTORELEASING = YES;
				CLANG_WARN_BOOL_CONVERSION = YES;
				CLANG_WARN_COMMA = YES;
				CLANG_WARN_CONSTANT_CONVERSION = YES;
				CLANG_WARN_DEPRECATED_OBJC_IMPLEMENTATIONS = YES;
				CLANG_WARN_DIRECT_OBJC_ISA_USAGE = YES_ERROR;
				CLANG_WARN_DOCUMENTATION_COMMENTS = YES;
				CLANG_WARN_EMPTY_BODY = YES;
				CLANG_WARN_ENUM_CONVERSION = YES;
				CLANG_WARN_INFINITE_RECURSION = YES;
				CLANG_WARN_INT_CONVERSION = YES;
				CLANG_WARN_NON_LITERAL_NULL_CONVERSION = YES;
				CLANG_WARN_OBJC_IMPLICIT_RETAIN_SELF = YES;
				CLANG_WARN_OBJC_LITERAL_CONVERSION = YES;
				CLANG_WARN_OBJC_ROOT_CLASS = YES_ERROR;
				CLANG_WARN_QUOTED_INCLUDE_IN_FRAMEWORK_HEADER = YES;
				CLANG_WARN_RANGE_LOOP_ANALYSIS = YES;
				CLANG_WARN_STRICT_PROTOTYPES = YES;
				CLANG_WARN_SUSPICIOUS_MOVE = YES;
				CLANG_WARN_UNGUARDED_AVAILABILITY = YES_AGGRESSIVE;
				CLANG_WARN_UNREACHABLE_CODE = YES;
				CLANG_WARN__DUPLICATE_METHOD_MATCH = YES;
				COPY_PHASE_STRIP = NO;
				DEBUG_INFORMATION_FORMAT = "dwarf-with-dsym";
				ENABLE_NS_ASSERTIONS = NO;
				ENABLE_STRICT_OBJC_MSGSEND = YES;
				GCC_C_LANGUAGE_STANDARD = gnu11;
				GCC_NO_COMMON_BLOCKS = YES;
				GCC_WARN_64_TO_32_BIT_CONVERSION = YES;
				GCC_WARN_ABOUT_RETURN_TYPE = YES_ERROR;
				GCC_WARN_UNDECLARED_SELECTOR = YES;
				GCC_WARN_UNINITIALIZED_AUTOS = YES_AGGRESSIVE;
				GCC_WARN_UNUSED_FUNCTION = YES;
				GCC_WARN_UNUSED_VARIABLE = YES;
				IPHONEOS_DEPLOYMENT_TARGET = 16.0;
				MTL_ENABLE_DEBUG_INFO = NO;
				MTL_FAST_MATH = YES;
				SDKROOT = iphoneos;
				SWIFT_COMPILATION_MODE = wholemodule;
				SWIFT_OPTIMIZATION_LEVEL = "-O";
				VALIDATE_PRODUCT = YES;
			};
			name = Release;
		};
		394F7F082A7F918D00AAE6C5 /* Debug */ = {
			isa = XCBuildConfiguration;
			buildSettings = {
				ASSETCATALOG_COMPILER_APPICON_NAME = AppIcon;
				ASSETCATALOG_COMPILER_GLOBAL_ACCENT_COLOR_NAME = AccentColor;
				CODE_SIGN_STYLE = Automatic;
				CURRENT_PROJECT_VERSION = 1;
				DEVELOPMENT_TEAM = M537FVXGVM;
				GENERATE_INFOPLIST_FILE = YES;
				INFOPLIST_FILE = BMI/Info.plist;
				INFOPLIST_KEY_CFBundleDisplayName = BMI;
				INFOPLIST_KEY_LSApplicationCategoryType = "public.app-category.lifestyle";
				INFOPLIST_KEY_UIApplicationSupportsIndirectInputEvents = YES;
				INFOPLIST_KEY_UILaunchStoryboardName = LaunchScreen;
				INFOPLIST_KEY_UIMainStoryboardFile = Main;
				INFOPLIST_KEY_UISupportedInterfaceOrientations_iPad = "UIInterfaceOrientationPortrait UIInterfaceOrientationPortraitUpsideDown UIInterfaceOrientationLandscapeLeft UIInterfaceOrientationLandscapeRight";
				INFOPLIST_KEY_UISupportedInterfaceOrientations_iPhone = "UIInterfaceOrientationPortrait UIInterfaceOrientationLandscapeLeft UIInterfaceOrientationLandscapeRight";
				IPHONEOS_DEPLOYMENT_TARGET = 16.0;
				LD_RUNPATH_SEARCH_PATHS = (
					"$(inherited)",
					"@executable_path/Frameworks",
				);
				MARKETING_VERSION = 1.0;
				PRODUCT_BUNDLE_IDENTIFIER = com.imt.bmi;
				PRODUCT_NAME = "$(TARGET_NAME)";
				SWIFT_EMIT_LOC_STRINGS = YES;
				SWIFT_VERSION = 5.0;
				TARGETED_DEVICE_FAMILY = "1,2";
			};
			name = Debug;
		};
		394F7F092A7F918D00AAE6C5 /* Release */ = {
			isa = XCBuildConfiguration;
			buildSettings = {
				ASSETCATALOG_COMPILER_APPICON_NAME = AppIcon;
				ASSETCATALOG_COMPILER_GLOBAL_ACCENT_COLOR_NAME = AccentColor;
				CODE_SIGN_STYLE = Automatic;
				CURRENT_PROJECT_VERSION = 1;
				DEVELOPMENT_TEAM = M537FVXGVM;
				GENERATE_INFOPLIST_FILE = YES;
				INFOPLIST_FILE = BMI/Info.plist;
				INFOPLIST_KEY_CFBundleDisplayName = BMI;
				INFOPLIST_KEY_LSApplicationCategoryType = "public.app-category.lifestyle";
				INFOPLIST_KEY_UIApplicationSupportsIndirectInputEvents = YES;
				INFOPLIST_KEY_UILaunchStoryboardName = LaunchScreen;
				INFOPLIST_KEY_UIMainStoryboardFile = Main;
				INFOPLIST_KEY_UISupportedInterfaceOrientations_iPad = "UIInterfaceOrientationPortrait UIInterfaceOrientationPortraitUpsideDown UIInterfaceOrientationLandscapeLeft UIInterfaceOrientationLandscapeRight";
				INFOPLIST_KEY_UISupportedInterfaceOrientations_iPhone = "UIInterfaceOrientationPortrait UIInterfaceOrientationLandscapeLeft UIInterfaceOrientationLandscapeRight";
				IPHONEOS_DEPLOYMENT_TARGET = 16.0;
				LD_RUNPATH_SEARCH_PATHS = (
					"$(inherited)",
					"@executable_path/Frameworks",
				);
				MARKETING_VERSION = 1.0;
				PRODUCT_BUNDLE_IDENTIFIER = com.imt.bmi;
				PRODUCT_NAME = "$(TARGET_NAME)";
				SWIFT_EMIT_LOC_STRINGS = YES;
				SWIFT_VERSION = 5.0;
				TARGETED_DEVICE_FAMILY = "1,2";
			};
			name = Release;
		};
/* End XCBuildConfiguration section */

/* Begin XCConfigurationList section */
		394F7EEE2A7F918B00AAE6C5 /* Build configuration list for PBXProject "BMI" */ = {
			isa = XCConfigurationList;
			buildConfigurations = (
				394F7F052A7F918D00AAE6C5 /* Debug */,
				394F7F062A7F918D00AAE6C5 /* Release */,
			);
			defaultConfigurationIsVisible = 0;
			defaultConfigurationName = Release;
		};
		394F7F072A7F918D00AAE6C5 /* Build configuration list for PBXNativeTarget "BMI" */ = {
			isa = XCConfigurationList;
			buildConfigurations = (
				394F7F082A7F918D00AAE6C5 /* Debug */,
				394F7F092A7F918D00AAE6C5 /* Release */,
			);
			defaultConfigurationIsVisible = 0;
			defaultConfigurationName = Release;
		};
/* End XCConfigurationList section */
	};
	rootObject = 394F7EEB2A7F918B00AAE6C5 /* Project object */;
}
